
Microsoft Visual Studio Solution File, Format Version 12.00
# Visual Studio Version 17
VisualStudioVersion = 17.12.35707.178 d17.12
MinimumVisualStudioVersion = 10.0.40219.1
Project("{FAE04EC0-301F-11D3-BF4B-00C04F79EFBC}") = "KostoBack", "KostoBack\KostoBack.csproj", "{33EF7931-FCEF-4F51-9687-ADAC7D98EB94}"
EndProject
Project("{FAE04EC0-301F-11D3-BF4B-00C04F79EFBC}") = "Dominio", "Dominio\Dominio.csproj", "{471FC54E-43B2-4021-B353-D1A87019BA5C}"
EndProject
Project("{FAE04EC0-301F-11D3-BF4B-00C04F79EFBC}") = "Application", "Application\Application.csproj", "{F93AB119-2E68-4CF0-9244-1016F377143E}"
EndProject
Project("{FAE04EC0-301F-11D3-BF4B-00C04F79EFBC}") = "Infraestructura", "Infraestructura\Infraestructura.csproj", "{8CB23DAE-D257-430A-9EBD-2D9EE797D12D}"
EndProject
Global
	GlobalSection(SolutionConfigurationPlatforms) = preSolution
		Debug|Any CPU = Debug|Any CPU
		Release|Any CPU = Release|Any CPU
	EndGlobalSection
	GlobalSection(ProjectConfigurationPlatforms) = postSolution
		{33EF7931-FCEF-4F51-9687-ADAC7D98EB94}.Debug|Any CPU.ActiveCfg = Debug|Any CPU
		{33EF7931-FCEF-4F51-9687-ADAC7D98EB94}.Debug|Any CPU.Build.0 = Debug|Any CPU
		{33EF7931-FCEF-4F51-9687-ADAC7D98EB94}.Release|Any CPU.ActiveCfg = Release|Any CPU
		{33EF7931-FCEF-4F51-9687-ADAC7D98EB94}.Release|Any CPU.Build.0 = Release|Any CPU
		{471FC54E-43B2-4021-B353-D1A87019BA5C}.Debug|Any CPU.ActiveCfg = Debug|Any CPU
		{471FC54E-43B2-4021-B353-D1A87019BA5C}.Debug|Any CPU.Build.0 = Debug|Any CPU
		{471FC54E-43B2-4021-B353-D1A87019BA5C}.Release|Any CPU.ActiveCfg = Release|Any CPU
		{471FC54E-43B2-4021-B353-D1A87019BA5C}.Release|Any CPU.Build.0 = Release|Any CPU
		{F93AB119-2E68-4CF0-9244-1016F377143E}.Debug|Any CPU.ActiveCfg = Debug|Any CPU
		{F93AB119-2E68-4CF0-9244-1016F377143E}.Debug|Any CPU.Build.0 = Debug|Any CPU
		{F93AB119-2E68-4CF0-9244-1016F377143E}.Release|Any CPU.ActiveCfg = Release|Any CPU
		{F93AB119-2E68-4CF0-9244-1016F377143E}.Release|Any CPU.Build.0 = Release|Any CPU
		{8CB23DAE-D257-430A-9EBD-2D9EE797D12D}.Debug|Any CPU.ActiveCfg = Debug|Any CPU
		{8CB23DAE-D257-430A-9EBD-2D9EE797D12D}.Debug|Any CPU.Build.0 = Debug|Any CPU
		{8CB23DAE-D257-430A-9EBD-2D9EE797D12D}.Release|Any CPU.ActiveCfg = Release|Any CPU
		{8CB23DAE-D257-430A-9EBD-2D9EE797D12D}.Release|Any CPU.Build.0 = Release|Any CPU
	EndGlobalSection
	GlobalSection(SolutionProperties) = preSolution
		HideSolutionNode = FALSE
	EndGlobalSection
EndGlobal
